
Microsoft Visual Studio Solution File, Format Version 12.00
# Visual Studio Express 2013 for Web
VisualStudioVersion = 12.0.30110.0
MinimumVisualStudioVersion = 10.0.40219.1
Project("{FAE04EC0-301F-11D3-BF4B-00C04F79EFBC}") = "ItemsAdmin", "ItemsAdmin\ItemsAdmin.csproj", "{4C0E261C-FD41-4085-A506-921A4B649073}"
EndProject
Project("{FAE04EC0-301F-11D3-BF4B-00C04F79EFBC}") = "Framework", "Framework\Framework.csproj", "{D46D95D5-3CDF-4EDB-9790-57E66C2F855E}"
EndProject
Project("{FAE04EC0-301F-11D3-BF4B-00C04F79EFBC}") = "App.Core", "App.Core\App.Core.csproj", "{E2209B95-DDDC-40E4-867B-1B276447202B}"
EndProject
Project("{FAE04EC0-301F-11D3-BF4B-00C04F79EFBC}") = "App.Web", "App.Web\App.Web.csproj", "{7782C020-D164-483F-9829-A967C3387ECD}"
EndProject
Project("{2150E333-8FDC-42A3-9474-1A3956D46DE8}") = "Frameworks", "Frameworks", "{67B4EFC2-1A0E-4403-8C84-5C2403737D11}"
EndProject
Project("{FAE04EC0-301F-11D3-BF4B-00C04F79EFBC}") = "Repository.Pattern", "Source\Repository.Pattern\Repository.Pattern.csproj", "{6E682A14-C872-4813-B620-76E108DEA683}"
EndProject
Project("{FAE04EC0-301F-11D3-BF4B-00C04F79EFBC}") = "Repository.Pattern.Ef6", "Source\Repository.Pattern.Ef6\Repository.Pattern.Ef6.csproj", "{F68A1D19-93FB-47C1-A22B-42BEA3E4FD8C}"
EndProject
Project("{FAE04EC0-301F-11D3-BF4B-00C04F79EFBC}") = "Service.Pattern", "Source\Service.Pattern\Service.Pattern.csproj", "{86F86650-EE3C-4372-8FEC-40C2FE015022}"
EndProject
Project("{2150E333-8FDC-42A3-9474-1A3956D46DE8}") = ".nuget", ".nuget", "{EF9A4C8F-C3A2-4B4F-9F7F-B72BB36F6331}"
	ProjectSection(SolutionItems) = preProject
		.nuget\NuGet.Config = .nuget\NuGet.Config
		.nuget\NuGet.exe = .nuget\NuGet.exe
		.nuget\NuGet.targets = .nuget\NuGet.targets
	EndProjectSection
EndProject
Project("{FAE04EC0-301F-11D3-BF4B-00C04F79EFBC}") = "App.WebApi", "App.WebApi\App.WebApi.csproj", "{763CD7B5-D43A-4B62-B682-BE3677A1A0D1}"
EndProject
Global
	GlobalSection(SolutionConfigurationPlatforms) = preSolution
		Debug|Any CPU = Debug|Any CPU
		Debug|x86 = Debug|x86
		Release|Any CPU = Release|Any CPU
		Release|x86 = Release|x86
	EndGlobalSection
	GlobalSection(ProjectConfigurationPlatforms) = postSolution
		{4C0E261C-FD41-4085-A506-921A4B649073}.Debug|Any CPU.ActiveCfg = Debug|Any CPU
		{4C0E261C-FD41-4085-A506-921A4B649073}.Debug|Any CPU.Build.0 = Debug|Any CPU
		{4C0E261C-FD41-4085-A506-921A4B649073}.Debug|x86.ActiveCfg = Debug|Any CPU
		{4C0E261C-FD41-4085-A506-921A4B649073}.Release|Any CPU.ActiveCfg = Release|Any CPU
		{4C0E261C-FD41-4085-A506-921A4B649073}.Release|Any CPU.Build.0 = Release|Any CPU
		{4C0E261C-FD41-4085-A506-921A4B649073}.Release|x86.ActiveCfg = Release|Any CPU
		{D46D95D5-3CDF-4EDB-9790-57E66C2F855E}.Debug|Any CPU.ActiveCfg = Debug|Any CPU
		{D46D95D5-3CDF-4EDB-9790-57E66C2F855E}.Debug|Any CPU.Build.0 = Debug|Any CPU
		{D46D95D5-3CDF-4EDB-9790-57E66C2F855E}.Debug|x86.ActiveCfg = Debug|Any CPU
		{D46D95D5-3CDF-4EDB-9790-57E66C2F855E}.Release|Any CPU.ActiveCfg = Release|Any CPU
		{D46D95D5-3CDF-4EDB-9790-57E66C2F855E}.Release|Any CPU.Build.0 = Release|Any CPU
		{D46D95D5-3CDF-4EDB-9790-57E66C2F855E}.Release|x86.ActiveCfg = Release|Any CPU
		{E2209B95-DDDC-40E4-867B-1B276447202B}.Debug|Any CPU.ActiveCfg = Debug|Any CPU
		{E2209B95-DDDC-40E4-867B-1B276447202B}.Debug|Any CPU.Build.0 = Debug|Any CPU
		{E2209B95-DDDC-40E4-867B-1B276447202B}.Debug|x86.ActiveCfg = Debug|Any CPU
		{E2209B95-DDDC-40E4-867B-1B276447202B}.Release|Any CPU.ActiveCfg = Release|Any CPU
		{E2209B95-DDDC-40E4-867B-1B276447202B}.Release|Any CPU.Build.0 = Release|Any CPU
		{E2209B95-DDDC-40E4-867B-1B276447202B}.Release|x86.ActiveCfg = Release|Any CPU
		{7782C020-D164-483F-9829-A967C3387ECD}.Debug|Any CPU.ActiveCfg = Debug|Any CPU
		{7782C020-D164-483F-9829-A967C3387ECD}.Debug|Any CPU.Build.0 = Debug|Any CPU
		{7782C020-D164-483F-9829-A967C3387ECD}.Debug|x86.ActiveCfg = Debug|Any CPU
		{7782C020-D164-483F-9829-A967C3387ECD}.Release|Any CPU.ActiveCfg = Release|Any CPU
		{7782C020-D164-483F-9829-A967C3387ECD}.Release|Any CPU.Build.0 = Release|Any CPU
		{7782C020-D164-483F-9829-A967C3387ECD}.Release|x86.ActiveCfg = Release|Any CPU
		{6E682A14-C872-4813-B620-76E108DEA683}.Debug|Any CPU.ActiveCfg = Debug|Any CPU
		{6E682A14-C872-4813-B620-76E108DEA683}.Debug|Any CPU.Build.0 = Debug|Any CPU
		{6E682A14-C872-4813-B620-76E108DEA683}.Debug|x86.ActiveCfg = Debug|x86
		{6E682A14-C872-4813-B620-76E108DEA683}.Debug|x86.Build.0 = Debug|x86
		{6E682A14-C872-4813-B620-76E108DEA683}.Release|Any CPU.ActiveCfg = Release|Any CPU
		{6E682A14-C872-4813-B620-76E108DEA683}.Release|Any CPU.Build.0 = Release|Any CPU
		{6E682A14-C872-4813-B620-76E108DEA683}.Release|x86.ActiveCfg = Release|x86
		{6E682A14-C872-4813-B620-76E108DEA683}.Release|x86.Build.0 = Release|x86
		{F68A1D19-93FB-47C1-A22B-42BEA3E4FD8C}.Debug|Any CPU.ActiveCfg = Debug|Any CPU
		{F68A1D19-93FB-47C1-A22B-42BEA3E4FD8C}.Debug|Any CPU.Build.0 = Debug|Any CPU
		{F68A1D19-93FB-47C1-A22B-42BEA3E4FD8C}.Debug|x86.ActiveCfg = Debug|Any CPU
		{F68A1D19-93FB-47C1-A22B-42BEA3E4FD8C}.Release|Any CPU.ActiveCfg = Release|Any CPU
		{F68A1D19-93FB-47C1-A22B-42BEA3E4FD8C}.Release|Any CPU.Build.0 = Release|Any CPU
		{F68A1D19-93FB-47C1-A22B-42BEA3E4FD8C}.Release|x86.ActiveCfg = Release|Any CPU
		{86F86650-EE3C-4372-8FEC-40C2FE015022}.Debug|Any CPU.ActiveCfg = Debug|Any CPU
		{86F86650-EE3C-4372-8FEC-40C2FE015022}.Debug|Any CPU.Build.0 = Debug|Any CPU
		{86F86650-EE3C-4372-8FEC-40C2FE015022}.Debug|x86.ActiveCfg = Debug|Any CPU
		{86F86650-EE3C-4372-8FEC-40C2FE015022}.Release|Any CPU.ActiveCfg = Release|Any CPU
		{86F86650-EE3C-4372-8FEC-40C2FE015022}.Release|Any CPU.Build.0 = Release|Any CPU
		{86F86650-EE3C-4372-8FEC-40C2FE015022}.Release|x86.ActiveCfg = Release|Any CPU
		{763CD7B5-D43A-4B62-B682-BE3677A1A0D1}.Debug|Any CPU.ActiveCfg = Debug|Any CPU
		{763CD7B5-D43A-4B62-B682-BE3677A1A0D1}.Debug|Any CPU.Build.0 = Debug|Any CPU
		{763CD7B5-D43A-4B62-B682-BE3677A1A0D1}.Debug|x86.ActiveCfg = Debug|Any CPU
		{763CD7B5-D43A-4B62-B682-BE3677A1A0D1}.Release|Any CPU.ActiveCfg = Release|Any CPU
		{763CD7B5-D43A-4B62-B682-BE3677A1A0D1}.Release|Any CPU.Build.0 = Release|Any CPU
		{763CD7B5-D43A-4B62-B682-BE3677A1A0D1}.Release|x86.ActiveCfg = Release|Any CPU
	EndGlobalSection
	GlobalSection(SolutionProperties) = preSolution
		HideSolutionNode = FALSE
	EndGlobalSection
	GlobalSection(NestedProjects) = preSolution
		{6E682A14-C872-4813-B620-76E108DEA683} = {67B4EFC2-1A0E-4403-8C84-5C2403737D11}
		{F68A1D19-93FB-47C1-A22B-42BEA3E4FD8C} = {67B4EFC2-1A0E-4403-8C84-5C2403737D11}
		{86F86650-EE3C-4372-8FEC-40C2FE015022} = {67B4EFC2-1A0E-4403-8C84-5C2403737D11}
	EndGlobalSection
	GlobalSection(ExtensibilityGlobals) = postSolution
		EnterpriseLibraryConfigurationToolBinariesPath = packages\Unity.2.1.505.2\lib\NET35
	EndGlobalSection
EndGlobal
